
Microsoft Visual Studio Solution File, Format Version 12.00
# Visual Studio Version 17
VisualStudioVersion = 17.3.32929.385
MinimumVisualStudioVersion = 10.0.40219.1
Project("{9A19103F-16F7-4668-BE54-9A1E7A4F7556}") = "AdminApi", "AdminApi\AdminApi.csproj", "{339B1033-A45A-484D-AAFA-A88A5DDAF98C}"
EndProject
Project("{9A19103F-16F7-4668-BE54-9A1E7A4F7556}") = "BankApi", "BankApi\BankApi.csproj", "{0302B1CB-47CB-4B12-BEBF-39F4CD9A8D10}"
EndProject
Project("{9A19103F-16F7-4668-BE54-9A1E7A4F7556}") = "CustomerApi", "CustomerApi\CustomerApi.csproj", "{8B0DC8F0-BE44-47BA-93B8-2ED2149563A7}"
EndProject
Project("{9A19103F-16F7-4668-BE54-9A1E7A4F7556}") = "UnitTestProject", "UnitTestProject\UnitTestProject.csproj", "{65BE0AAB-2DAC-4C91-8CF9-36BE5801CBF5}"
EndProject
Global
	GlobalSection(SolutionConfigurationPlatforms) = preSolution
		Debug|Any CPU = Debug|Any CPU
		Release|Any CPU = Release|Any CPU
	EndGlobalSection
	GlobalSection(ProjectConfigurationPlatforms) = postSolution
		{339B1033-A45A-484D-AAFA-A88A5DDAF98C}.Debug|Any CPU.ActiveCfg = Debug|Any CPU
		{339B1033-A45A-484D-AAFA-A88A5DDAF98C}.Debug|Any CPU.Build.0 = Debug|Any CPU
		{339B1033-A45A-484D-AAFA-A88A5DDAF98C}.Release|Any CPU.ActiveCfg = Release|Any CPU
		{339B1033-A45A-484D-AAFA-A88A5DDAF98C}.Release|Any CPU.Build.0 = Release|Any CPU
		{0302B1CB-47CB-4B12-BEBF-39F4CD9A8D10}.Debug|Any CPU.ActiveCfg = Debug|Any CPU
		{0302B1CB-47CB-4B12-BEBF-39F4CD9A8D10}.Debug|Any CPU.Build.0 = Debug|Any CPU
		{0302B1CB-47CB-4B12-BEBF-39F4CD9A8D10}.Release|Any CPU.ActiveCfg = Release|Any CPU
		{0302B1CB-47CB-4B12-BEBF-39F4CD9A8D10}.Release|Any CPU.Build.0 = Release|Any CPU
		{8B0DC8F0-BE44-47BA-93B8-2ED2149563A7}.Debug|Any CPU.ActiveCfg = Debug|Any CPU
		{8B0DC8F0-BE44-47BA-93B8-2ED2149563A7}.Debug|Any CPU.Build.0 = Debug|Any CPU
		{8B0DC8F0-BE44-47BA-93B8-2ED2149563A7}.Release|Any CPU.ActiveCfg = Release|Any CPU
		{8B0DC8F0-BE44-47BA-93B8-2ED2149563A7}.Release|Any CPU.Build.0 = Release|Any CPU
		{65BE0AAB-2DAC-4C91-8CF9-36BE5801CBF5}.Debug|Any CPU.ActiveCfg = Debug|Any CPU
		{65BE0AAB-2DAC-4C91-8CF9-36BE5801CBF5}.Debug|Any CPU.Build.0 = Debug|Any CPU
		{65BE0AAB-2DAC-4C91-8CF9-36BE5801CBF5}.Release|Any CPU.ActiveCfg = Release|Any CPU
		{65BE0AAB-2DAC-4C91-8CF9-36BE5801CBF5}.Release|Any CPU.Build.0 = Release|Any CPU
	EndGlobalSection
	GlobalSection(SolutionProperties) = preSolution
		HideSolutionNode = FALSE
	EndGlobalSection
	GlobalSection(ExtensibilityGlobals) = postSolution
		SolutionGuid = {909B7D39-2EA7-4DE9-B3EE-F3335384E08B}
	EndGlobalSection
EndGlobal
